// !$*UTF8*$!
{
	archiveVersion = 1;
	classes = {
	};
	objectVersion = 46;
	objects = {

/* Begin PBXBuildFile section */
		4C65065419C31FF4005E732F /* AppDelegate.swift in Sources */ = {isa = PBXBuildFile; fileRef = 4C65065319C31FF4005E732F /* AppDelegate.swift */; };
		4C65065619C31FF4005E732F /* ViewController.swift in Sources */ = {isa = PBXBuildFile; fileRef = 4C65065519C31FF4005E732F /* ViewController.swift */; };
		4C65065919C31FF4005E732F /* Main.storyboard in Resources */ = {isa = PBXBuildFile; fileRef = 4C65065719C31FF4005E732F /* Main.storyboard */; };
		4C65065B19C31FF4005E732F /* Images.xcassets in Resources */ = {isa = PBXBuildFile; fileRef = 4C65065A19C31FF4005E732F /* Images.xcassets */; };
		4C65065E19C31FF4005E732F /* LaunchScreen.xib in Resources */ = {isa = PBXBuildFile; fileRef = 4C65065C19C31FF4005E732F /* LaunchScreen.xib */; };
		4C65066A19C31FF4005E732F /* TipCalculatorTests.swift in Sources */ = {isa = PBXBuildFile; fileRef = 4C65066919C31FF4005E732F /* TipCalculatorTests.swift */; };
		4C65067419C3293C005E732F /* TipCalculatorModel.swift in Sources */ = {isa = PBXBuildFile; fileRef = 4C65067319C3293C005E732F /* TipCalculatorModel.swift */; };
/* End PBXBuildFile section */

/* Begin PBXContainerItemProxy section */
		4C65066419C31FF4005E732F /* PBXContainerItemProxy */ = {
			isa = PBXContainerItemProxy;
			containerPortal = 4C65064619C31FF3005E732F /* Project object */;
			proxyType = 1;
			remoteGlobalIDString = 4C65064D19C31FF3005E732F;
			remoteInfo = TipCalculator;
		};
/* End PBXContainerItemProxy section */

/* Begin PBXFileReference section */
		4C65064E19C31FF4005E732F /* TipCalculator.app */ = {isa = PBXFileReference; explicitFileType = wrapper.application; includeInIndex = 0; path = TipCalculator.app; sourceTree = BUILT_PRODUCTS_DIR; };
		4C65065219C31FF4005E732F /* Info.plist */ = {isa = PBXFileReference; lastKnownFileType = text.plist.xml; path = Info.plist; sourceTree = "<group>"; };
		4C65065319C31FF4005E732F /* AppDelegate.swift */ = {isa = PBXFileReference; lastKnownFileType = sourcecode.swift; path = AppDelegate.swift; sourceTree = "<group>"; };
		4C65065519C31FF4005E732F /* ViewController.swift */ = {isa = PBXFileReference; lastKnownFileType = sourcecode.swift; path = ViewController.swift; sourceTree = "<group>"; };
		4C65065819C31FF4005E732F /* Base */ = {isa = PBXFileReference; lastKnownFileType = file.storyboard; name = Base; path = Base.lproj/Main.storyboard; sourceTree = "<group>"; };
		4C65065A19C31FF4005E732F /* Images.xcassets */ = {isa = PBXFileReference; lastKnownFileType = folder.assetcatalog; path = Images.xcassets; sourceTree = "<group>"; };
		4C65065D19C31FF4005E732F /* Base */ = {isa = PBXFileReference; lastKnownFileType = file.xib; name = Base; path = Base.lproj/LaunchScreen.xib; sourceTree = "<group>"; };
		4C65066319C31FF4005E732F /* TipCalculatorTests.xctest */ = {isa = PBXFileReference; explicitFileType = wrapper.cfbundle; includeInIndex = 0; path = TipCalculatorTests.xctest; sourceTree = BUILT_PRODUCTS_DIR; };
		4C65066819C31FF4005E732F /* Info.plist */ = {isa = PBXFileReference; lastKnownFileType = text.plist.xml; path = Info.plist; sourceTree = "<group>"; };
		4C65066919C31FF4005E732F /* TipCalculatorTests.swift */ = {isa = PBXFileReference; lastKnownFileType = sourcecode.swift; path = TipCalculatorTests.swift; sourceTree = "<group>"; };
		4C65067319C3293C005E732F /* TipCalculatorModel.swift */ = {isa = PBXFileReference; fileEncoding = 4; lastKnownFileType = sourcecode.swift; path = TipCalculatorModel.swift; sourceTree = "<group>"; };
/* End PBXFileReference section */

/* Begin PBXFrameworksBuildPhase section */
		4C65064B19C31FF3005E732F /* Frameworks */ = {
			isa = PBXFrameworksBuildPhase;
			buildActionMask = 2147483647;
			files = (
			);
			runOnlyForDeploymentPostprocessing = 0;
		};
		4C65066019C31FF4005E732F /* Frameworks */ = {
			isa = PBXFrameworksBuildPhase;
			buildActionMask = 2147483647;
			files = (
			);
			runOnlyForDeploymentPostprocessing = 0;
		};
/* End PBXFrameworksBuildPhase section */

/* Begin PBXGroup section */
		4C65064519C31FF3005E732F = {
			isa = PBXGroup;
			children = (
				4C65067319C3293C005E732F /* TipCalculatorModel.swift */,
				4C65065019C31FF4005E732F /* TipCalculator */,
				4C65066619C31FF4005E732F /* TipCalculatorTests */,
				4C65064F19C31FF4005E732F /* Products */,
			);
			sourceTree = "<group>";
		};
		4C65064F19C31FF4005E732F /* Products */ = {
			isa = PBXGroup;
			children = (
				4C65064E19C31FF4005E732F /* TipCalculator.app */,
				4C65066319C31FF4005E732F /* TipCalculatorTests.xctest */,
			);
			name = Products;
			sourceTree = "<group>";
		};
		4C65065019C31FF4005E732F /* TipCalculator */ = {
			isa = PBXGroup;
			children = (
				4C65065319C31FF4005E732F /* AppDelegate.swift */,
				4C65065519C31FF4005E732F /* ViewController.swift */,
				4C65065719C31FF4005E732F /* Main.storyboard */,
				4C65065A19C31FF4005E732F /* Images.xcassets */,
				4C65065C19C31FF4005E732F /* LaunchScreen.xib */,
				4C65065119C31FF4005E732F /* Supporting Files */,
			);
			path = TipCalculator;
			sourceTree = "<group>";
		};
		4C65065119C31FF4005E732F /* Supporting Files */ = {
			isa = PBXGroup;
			children = (
				4C65065219C31FF4005E732F /* Info.plist */,
			);
			name = "Supporting Files";
			sourceTree = "<group>";
		};
		4C65066619C31FF4005E732F /* TipCalculatorTests */ = {
			isa = PBXGroup;
			children = (
				4C65066919C31FF4005E732F /* TipCalculatorTests.swift */,
				4C65066719C31FF4005E732F /* Supporting Files */,
			);
			path = TipCalculatorTests;
			sourceTree = "<group>";
		};
		4C65066719C31FF4005E732F /* Supporting Files */ = {
			isa = PBXGroup;
			children = (
				4C65066819C31FF4005E732F /* Info.plist */,
			);
			name = "Supporting Files";
			sourceTree = "<group>";
		};
/* End PBXGroup section */

/* Begin PBXNativeTarget section */
		4C65064D19C31FF3005E732F /* TipCalculator */ = {
			isa = PBXNativeTarget;
			buildConfigurationList = 4C65066D19C31FF4005E732F /* Build configuration list for PBXNativeTarget "TipCalculator" */;
			buildPhases = (
				4C65064A19C31FF3005E732F /* Sources */,
				4C65064B19C31FF3005E732F /* Frameworks */,
				4C65064C19C31FF3005E732F /* Resources */,
			);
			buildRules = (
			);
			dependencies = (
			);
			name = TipCalculator;
			productName = TipCalculator;
			productReference = 4C65064E19C31FF4005E732F /* TipCalculator.app */;
			productType = "com.apple.product-type.application";
		};
		4C65066219C31FF4005E732F /* TipCalculatorTests */ = {
			isa = PBXNativeTarget;
			buildConfigurationList = 4C65067019C31FF4005E732F /* Build configuration list for PBXNativeTarget "TipCalculatorTests" */;
			buildPhases = (
				4C65065F19C31FF4005E732F /* Sources */,
				4C65066019C31FF4005E732F /* Frameworks */,
				4C65066119C31FF4005E732F /* Resources */,
			);
			buildRules = (
			);
			dependencies = (
				4C65066519C31FF4005E732F /* PBXTargetDependency */,
			);
			name = TipCalculatorTests;
			productName = TipCalculatorTests;
			productReference = 4C65066319C31FF4005E732F /* TipCalculatorTests.xctest */;
			productType = "com.apple.product-type.bundle.unit-test";
		};
/* End PBXNativeTarget section */

/* Begin PBXProject section */
		4C65064619C31FF3005E732F /* Project object */ = {
			isa = PBXProject;
			attributes = {
				LastUpgradeCheck = 0600;
				ORGANIZATIONNAME = bondgeek;
				TargetAttributes = {
					4C65064D19C31FF3005E732F = {
						CreatedOnToolsVersion = 6.0;
					};
					4C65066219C31FF4005E732F = {
						CreatedOnToolsVersion = 6.0;
						TestTargetID = 4C65064D19C31FF3005E732F;
					};
				};
			};
			buildConfigurationList = 4C65064919C31FF3005E732F /* Build configuration list for PBXProject "TipCalculator" */;
			compatibilityVersion = "Xcode 3.2";
			developmentRegion = English;
			hasScannedForEncodings = 0;
			knownRegions = (
				en,
				Base,
			);
			mainGroup = 4C65064519C31FF3005E732F;
			productRefGroup = 4C65064F19C31FF4005E732F /* Products */;
			projectDirPath = "";
			projectRoot = "";
			targets = (
				4C65064D19C31FF3005E732F /* TipCalculator */,
				4C65066219C31FF4005E732F /* TipCalculatorTests */,
			);
		};
/* End PBXProject section */

/* Begin PBXResourcesBuildPhase section */
		4C65064C19C31FF3005E732F /* Resources */ = {
			isa = PBXResourcesBuildPhase;
			buildActionMask = 2147483647;
			files = (
				4C65065919C31FF4005E732F /* Main.storyboard in Resources */,
				4C65065E19C31FF4005E732F /* LaunchScreen.xib in Resources */,
				4C65065B19C31FF4005E732F /* Images.xcassets in Resources */,
			);
			runOnlyForDeploymentPostprocessing = 0;
		};
		4C65066119C31FF4005E732F /* Resources */ = {
			isa = PBXResourcesBuildPhase;
			buildActionMask = 2147483647;
			files = (
			);
			runOnlyForDeploymentPostprocessing = 0;
		};
/* End PBXResourcesBuildPhase section */

/* Begin PBXSourcesBuildPhase section */
		4C65064A19C31FF3005E732F /* Sources */ = {
			isa = PBXSourcesBuildPhase;
			buildActionMask = 2147483647;
			files = (
				4C65067419C3293C005E732F /* TipCalculatorModel.swift in Sources */,
				4C65065619C31FF4005E732F /* ViewController.swift in Sources */,
				4C65065419C31FF4005E732F /* AppDelegate.swift in Sources */,
			);
			runOnlyForDeploymentPostprocessing = 0;
		};
		4C65065F19C31FF4005E732F /* Sources */ = {
			isa = PBXSourcesBuildPhase;
			buildActionMask = 2147483647;
			files = (
				4C65066A19C31FF4005E732F /* TipCalculatorTests.swift in Sources */,
			);
			runOnlyForDeploymentPostprocessing = 0;
		};
/* End PBXSourcesBuildPhase section */

/* Begin PBXTargetDependency section */
		4C65066519C31FF4005E732F /* PBXTargetDependency */ = {
			isa = PBXTargetDependency;
			target = 4C65064D19C31FF3005E732F /* TipCalculator */;
			targetProxy = 4C65066419C31FF4005E732F /* PBXContainerItemProxy */;
		};
/* End PBXTargetDependency section */

/* Begin PBXVariantGroup section */
		4C65065719C31FF4005E732F /* Main.storyboard */ = {
			isa = PBXVariantGroup;
			children = (
				4C65065819C31FF4005E732F /* Base */,
			);
			name = Main.storyboard;
			sourceTree = "<group>";
		};
		4C65065C19C31FF4005E732F /* LaunchScreen.xib */ = {
			isa = PBXVariantGroup;
			children = (
				4C65065D19C31FF4005E732F /* Base */,
			);
			name = LaunchScreen.xib;
			sourceTree = "<group>";
		};
/* End PBXVariantGroup section */

/* Begin XCBuildConfiguration section */
		4C65066B19C31FF4005E732F /* Debug */ = {
			isa = XCBuildConfiguration;
			buildSettings = {
				ALWAYS_SEARCH_USER_PATHS = NO;
				CLANG_CXX_LANGUAGE_STANDARD = "gnu++0x";
				CLANG_CXX_LIBRARY = "libc++";
				CLANG_ENABLE_MODULES = YES;
				CLANG_ENABLE_OBJC_ARC = YES;
				CLANG_WARN_BOOL_CONVERSION = YES;
				CLANG_WARN_CONSTANT_CONVERSION = YES;
				CLANG_WARN_DIRECT_OBJC_ISA_USAGE = YES_ERROR;
				CLANG_WARN_EMPTY_BODY = YES;
				CLANG_WARN_ENUM_CONVERSION = YES;
				CLANG_WARN_INT_CONVERSION = YES;
				CLANG_WARN_OBJC_ROOT_CLASS = YES_ERROR;
				CLANG_WARN_UNREACHABLE_CODE = YES;
				CLANG_WARN__DUPLICATE_METHOD_MATCH = YES;
				"CODE_SIGN_IDENTITY[sdk=iphoneos*]" = "iPhone Developer";
				COPY_PHASE_STRIP = NO;
				ENABLE_STRICT_OBJC_MSGSEND = YES;
				GCC_C_LANGUAGE_STANDARD = gnu99;
				GCC_DYNAMIC_NO_PIC = NO;
				GCC_OPTIMIZATION_LEVEL = 0;
				GCC_PREPROCESSOR_DEFINITIONS = (
					"DEBUG=1",
					"$(inherited)",
				);
				GCC_SYMBOLS_PRIVATE_EXTERN = NO;
				GCC_WARN_64_TO_32_BIT_CONVERSION = YES;
				GCC_WARN_ABOUT_RETURN_TYPE = YES_ERROR;
				GCC_WARN_UNDECLARED_SELECTOR = YES;
				GCC_WARN_UNINITIALIZED_AUTOS = YES_AGGRESSIVE;
				GCC_WARN_UNUSED_FUNCTION = YES;
				GCC_WARN_UNUSED_VARIABLE = YES;
				IPHONEOS_DEPLOYMENT_TARGET = 8.0;
				MTL_ENABLE_DEBUG_INFO = YES;
				ONLY_ACTIVE_ARCH = YES;
				SDKROOT = iphoneos;
				SWIFT_OPTIMIZATION_LEVEL = "-Onone";
			};
			name = Debug;
		};
		4C65066C19C31FF4005E732F /* Release */ = {
			isa = XCBuildConfiguration;
			buildSettings = {
				ALWAYS_SEARCH_USER_PATHS = NO;
				CLANG_CXX_LANGUAGE_STANDARD = "gnu++0x";
				CLANG_CXX_LIBRARY = "libc++";
				CLANG_ENABLE_MODULES = YES;
				CLANG_ENABLE_OBJC_ARC = YES;
				CLANG_WARN_BOOL_CONVERSION = YES;
				CLANG_WARN_CONSTANT_CONVERSION = YES;
				CLANG_WARN_DIRECT_OBJC_ISA_USAGE = YES_ERROR;
				CLANG_WARN_EMPTY_BODY = YES;
				CLANG_WARN_ENUM_CONVERSION = YES;
				CLANG_WARN_INT_CONVERSION = YES;
				CLANG_WARN_OBJC_ROOT_CLASS = YES_ERROR;
				CLANG_WARN_UNREACHABLE_CODE = YES;
				CLANG_WARN__DUPLICATE_METHOD_MATCH = YES;
				"CODE_SIGN_IDENTITY[sdk=iphoneos*]" = "iPhone Developer";
				COPY_PHASE_STRIP = YES;
				ENABLE_NS_ASSERTIONS = NO;
				ENABLE_STRICT_OBJC_MSGSEND = YES;
				GCC_C_LANGUAGE_STANDARD = gnu99;
				GCC_WARN_64_TO_32_BIT_CONVERSION = YES;
				GCC_WARN_ABOUT_RETURN_TYPE = YES_ERROR;
				GCC_WARN_UNDECLARED_SELECTOR = YES;
				GCC_WARN_UNINITIALIZED_AUTOS = YES_AGGRESSIVE;
				GCC_WARN_UNUSED_FUNCTION = YES;
				GCC_WARN_UNUSED_VARIABLE = YES;
				IPHONEOS_DEPLOYMENT_TARGET = 8.0;
				MTL_ENABLE_DEBUG_INFO = NO;
				SDKROOT = iphoneos;
				VALIDATE_PRODUCT = YES;
			};
			name = Release;
		};
		4C65066E19C31FF4005E732F /* Debug */ = {
			isa = XCBuildConfiguration;
			buildSettings = {
				ASSETCATALOG_COMPILER_APPICON_NAME = AppIcon;
				INFOPLIST_FILE = TipCalculator/Info.plist;
				LD_RUNPATH_SEARCH_PATHS = "$(inherited) @executable_path/Frameworks";
				PRODUCT_NAME = "$(TARGET_NAME)";
			};
			name = Debug;
		};
		4C65066F19C31FF4005E732F /* Release */ = {
			isa = XCBuildConfiguration;
			buildSettings = {
				ASSETCATALOG_COMPILER_APPICON_NAME = AppIcon;
				INFOPLIST_FILE = TipCalculator/Info.plist;
				LD_RUNPATH_SEARCH_PATHS = "$(inherited) @executable_path/Frameworks";
				PRODUCT_NAME = "$(TARGET_NAME)";
			};
			name = Release;
		};
		4C65067119C31FF4005E732F /* Debug */ = {
			isa = XCBuildConfiguration;
			buildSettings = {
				BUNDLE_LOADER = "$(TEST_HOST)";
				FRAMEWORK_SEARCH_PATHS = (
					"$(SDKROOT)/Developer/Library/Frameworks",
					"$(inherited)",
				);
				GCC_PREPROCESSOR_DEFINITIONS = (
					"DEBUG=1",
					"$(inherited)",
				);
				INFOPLIST_FILE = TipCalculatorTests/Info.plist;
				LD_RUNPATH_SEARCH_PATHS = "$(inherited) @executable_path/Frameworks @loader_path/Frameworks";
				PRODUCT_NAME = "$(TARGET_NAME)";
				TEST_HOST = "$(BUILT_PRODUCTS_DIR)/TipCalculator.app/TipCalculator";
			};
			name = Debug;
		};
		4C65067219C31FF4005E732F /* Release */ = {
			isa = XCBuildConfiguration;
			buildSettings = {
				BUNDLE_LOADER = "$(TEST_HOST)";
				FRAMEWORK_SEARCH_PATHS = (
					"$(SDKROOT)/Developer/Library/Frameworks",
					"$(inherited)",
				);
				INFOPLIST_FILE = TipCalculatorTests/Info.plist;
				LD_RUNPATH_SEARCH_PATHS = "$(inherited) @executable_path/Frameworks @loader_path/Frameworks";
				PRODUCT_NAME = "$(TARGET_NAME)";
				TEST_HOST = "$(BUILT_PRODUCTS_DIR)/TipCalculator.app/TipCalculator";
			};
			name = Release;
		};
/* End XCBuildConfiguration section */

/* Begin XCConfigurationList section */
		4C65064919C31FF3005E732F /* Build configuration list for PBXProject "TipCalculator" */ = {
			isa = XCConfigurationList;
			buildConfigurations = (
				4C65066B19C31FF4005E732F /* Debug */,
				4C65066C19C31FF4005E732F /* Release */,
			);
			defaultConfigurationIsVisible = 0;
			defaultConfigurationName = Release;
		};
		4C65066D19C31FF4005E732F /* Build configuration list for PBXNativeTarget "TipCalculator" */ = {
			isa = XCConfigurationList;
			buildConfigurations = (
				4C65066E19C31FF4005E732F /* Debug */,
				4C65066F19C31FF4005E732F /* Release */,
			);
			defaultConfigurationIsVisible = 0;
		};
		4C65067019C31FF4005E732F /* Build configuration list for PBXNativeTarget "TipCalculatorTests" */ = {
			isa = XCConfigurationList;
			buildConfigurations = (
				4C65067119C31FF4005E732F /* Debug */,
				4C65067219C31FF4005E732F /* Release */,
			);
			defaultConfigurationIsVisible = 0;
		};
/* End XCConfigurationList section */
	};
	rootObject = 4C65064619C31FF3005E732F /* Project object */;
}
